
Microsoft Visual Studio Solution File, Format Version 12.00
# Visual Studio Version 17
VisualStudioVersion = 17.11.35208.52
MinimumVisualStudioVersion = 10.0.40219.1
Project("{9A19103F-16F7-4668-BE54-9A1E7A4F7556}") = "UniTestSt5", "UniTestSt5\UniTestSt5.csproj", "{F409842F-2A04-445E-AC00-13E729209794}"
EndProject
Project("{FAE04EC0-301F-11D3-BF4B-00C04F79EFBC}") = "UniTestSt5.UniTest", "UniTestSt5.UniTest\UniTestSt5.UniTest.csproj", "{42E76373-234A-4E81-A25C-EF7FDEE6EBCA}"
EndProject
Global
	GlobalSection(SolutionConfigurationPlatforms) = preSolution
		Debug|Any CPU = Debug|Any CPU
		Release|Any CPU = Release|Any CPU
	EndGlobalSection
	GlobalSection(ProjectConfigurationPlatforms) = postSolution
		{F409842F-2A04-445E-AC00-13E729209794}.Debug|Any CPU.ActiveCfg = Debug|Any CPU
		{F409842F-2A04-445E-AC00-13E729209794}.Debug|Any CPU.Build.0 = Debug|Any CPU
		{F409842F-2A04-445E-AC00-13E729209794}.Release|Any CPU.ActiveCfg = Release|Any CPU
		{F409842F-2A04-445E-AC00-13E729209794}.Release|Any CPU.Build.0 = Release|Any CPU
		{42E76373-234A-4E81-A25C-EF7FDEE6EBCA}.Debug|Any CPU.ActiveCfg = Debug|Any CPU
		{42E76373-234A-4E81-A25C-EF7FDEE6EBCA}.Debug|Any CPU.Build.0 = Debug|Any CPU
		{42E76373-234A-4E81-A25C-EF7FDEE6EBCA}.Release|Any CPU.ActiveCfg = Release|Any CPU
		{42E76373-234A-4E81-A25C-EF7FDEE6EBCA}.Release|Any CPU.Build.0 = Release|Any CPU
	EndGlobalSection
	GlobalSection(SolutionProperties) = preSolution
		HideSolutionNode = FALSE
	EndGlobalSection
	GlobalSection(ExtensibilityGlobals) = postSolution
		SolutionGuid = {DDDD380D-C5B9-41E4-8382-CB787F0F4C47}
	EndGlobalSection
EndGlobal
